
Microsoft Visual Studio Solution File, Format Version 12.00
# Visual Studio Version 16
VisualStudioVersion = 16.0.30621.155
MinimumVisualStudioVersion = 10.0.40219.1
Project("{FAE04EC0-301F-11D3-BF4B-00C04F79EFBC}") = "WpfApptest20210220", "WpfApptest20210220\WpfApptest20210220.csproj", "{82794325-CAA7-4B3F-9183-8D4F6CBFDCF0}"
EndProject
Global
	GlobalSection(SolutionConfigurationPlatforms) = preSolution
		Debug|Any CPU = Debug|Any CPU
		Release|Any CPU = Release|Any CPU
	EndGlobalSection
	GlobalSection(ProjectConfigurationPlatforms) = postSolution
		{82794325-CAA7-4B3F-9183-8D4F6CBFDCF0}.Debug|Any CPU.ActiveCfg = Debug|Any CPU
		{82794325-CAA7-4B3F-9183-8D4F6CBFDCF0}.Debug|Any CPU.Build.0 = Debug|Any CPU
		{82794325-CAA7-4B3F-9183-8D4F6CBFDCF0}.Release|Any CPU.ActiveCfg = Release|Any CPU
		{82794325-CAA7-4B3F-9183-8D4F6CBFDCF0}.Release|Any CPU.Build.0 = Release|Any CPU
	EndGlobalSection
	GlobalSection(SolutionProperties) = preSolution
		HideSolutionNode = FALSE
	EndGlobalSection
	GlobalSection(ExtensibilityGlobals) = postSolution
		SolutionGuid = {98025ECA-6A3C-4B86-8F57-72C7AA002265}
	EndGlobalSection
EndGlobal
