
Microsoft Visual Studio Solution File, Format Version 12.00
# Visual Studio Version 16
VisualStudioVersion = 16.0.30907.101
MinimumVisualStudioVersion = 10.0.40219.1
Project("{FAE04EC0-301F-11D3-BF4B-00C04F79EFBC}") = "SimpleConsoleTests", "SimpleConsoleTests\SimpleConsoleTests.csproj", "{B53D18C5-D38D-4FA6-8E39-C448CF204756}"
EndProject
Global
	GlobalSection(SolutionConfigurationPlatforms) = preSolution
		Debug|Any CPU = Debug|Any CPU
		Release|Any CPU = Release|Any CPU
	EndGlobalSection
	GlobalSection(ProjectConfigurationPlatforms) = postSolution
		{B53D18C5-D38D-4FA6-8E39-C448CF204756}.Debug|Any CPU.ActiveCfg = Debug|Any CPU
		{B53D18C5-D38D-4FA6-8E39-C448CF204756}.Debug|Any CPU.Build.0 = Debug|Any CPU
		{B53D18C5-D38D-4FA6-8E39-C448CF204756}.Release|Any CPU.ActiveCfg = Release|Any CPU
		{B53D18C5-D38D-4FA6-8E39-C448CF204756}.Release|Any CPU.Build.0 = Release|Any CPU
	EndGlobalSection
	GlobalSection(SolutionProperties) = preSolution
		HideSolutionNode = FALSE
	EndGlobalSection
	GlobalSection(ExtensibilityGlobals) = postSolution
		SolutionGuid = {63D8E285-2BCC-4A0D-B975-113117AE3B5D}
	EndGlobalSection
EndGlobal
